Microsoft Visual Studio Solution File, Format Version 12.00
# Visual Studio Version 17
VisualStudioVersion = 17.5.2.0
MinimumVisualStudioVersion = 10.0.40219.1
Project("{FAE04EC0-301F-11D3-BF4B-00C04F79EFBC}") = "merge-two-sorted-lists", "merge-two-sorted-lists\merge-two-sorted-lists.csproj", "{50F2E073-EC45-CAFF-A0BC-92C88CAB3C3B}"
EndProject
Global
	GlobalSection(SolutionConfigurationPlatforms) = preSolution
		Debug|Any CPU = Debug|Any CPU
		Release|Any CPU = Release|Any CPU
	EndGlobalSection
	GlobalSection(ProjectConfigurationPlatforms) = postSolution
		{50F2E073-EC45-CAFF-A0BC-92C88CAB3C3B}.Debug|Any CPU.ActiveCfg = Debug|Any CPU
		{50F2E073-EC45-CAFF-A0BC-92C88CAB3C3B}.Debug|Any CPU.Build.0 = Debug|Any CPU
		{50F2E073-EC45-CAFF-A0BC-92C88CAB3C3B}.Release|Any CPU.ActiveCfg = Release|Any CPU
		{50F2E073-EC45-CAFF-A0BC-92C88CAB3C3B}.Release|Any CPU.Build.0 = Release|Any CPU
	EndGlobalSection
	GlobalSection(SolutionProperties) = preSolution
		HideSolutionNode = FALSE
	EndGlobalSection
	GlobalSection(ExtensibilityGlobals) = postSolution
		SolutionGuid = {2471D21B-0D88-4FE2-8105-9AC60F10EB72}
	EndGlobalSection
EndGlobal
